{
    "name": "jottenlips.github.io",
    "version": "1.0.0",
    "lockfileVersion": 2,
    "requires": true,
    "packages": {
        "": {
            "version": "1.0.0",
            "license": "ISC",
            "dependencies": {
                "agave-generator": "^1.0.2"
            }
        },
        "node_modules/agave-generator": {
            "version": "1.0.2",
            "resolved": "https://registry.npmjs.org/agave-generator/-/agave-generator-1.0.2.tgz",
            "integrity": "sha512-PXz7cGbAbP7VYKVNLH/VRr3yc6adINXz/16VOUSWjdeTjAnBspAbERHtYrzbIogb+aQK172HpxaS5DWmD4+hCA==",
            "hasInstallScript": true,
            "bin": {
                "Agave": "bin/Agave"
            }
        }
    },
    "dependencies": {
        "agave-generator": {
            "version": "1.0.2",
            "resolved": "https://registry.npmjs.org/agave-generator/-/agave-generator-1.0.2.tgz",
            "integrity": "sha512-PXz7cGbAbP7VYKVNLH/VRr3yc6adINXz/16VOUSWjdeTjAnBspAbERHtYrzbIogb+aQK172HpxaS5DWmD4+hCA=="
        }
    }
}
